
Microsoft Visual Studio Solution File, Format Version 12.00
# Visual Studio Version 16
VisualStudioVersion = 16.0.32106.194
MinimumVisualStudioVersion = 10.0.40219.1
Project("{FAE04EC0-301F-11D3-BF4B-00C04F79EFBC}") = "Atividade2ControleVersao", "Atividade2ControleVersao\Atividade2ControleVersao.csproj", "{86DA2D72-E3D7-4748-992F-6A960AB2160E}"
EndProject
Global
	GlobalSection(SolutionConfigurationPlatforms) = preSolution
		Debug|Any CPU = Debug|Any CPU
		Release|Any CPU = Release|Any CPU
	EndGlobalSection
	GlobalSection(ProjectConfigurationPlatforms) = postSolution
		{86DA2D72-E3D7-4748-992F-6A960AB2160E}.Debug|Any CPU.ActiveCfg = Debug|Any CPU
		{86DA2D72-E3D7-4748-992F-6A960AB2160E}.Debug|Any CPU.Build.0 = Debug|Any CPU
		{86DA2D72-E3D7-4748-992F-6A960AB2160E}.Release|Any CPU.ActiveCfg = Release|Any CPU
		{86DA2D72-E3D7-4748-992F-6A960AB2160E}.Release|Any CPU.Build.0 = Release|Any CPU
	EndGlobalSection
	GlobalSection(SolutionProperties) = preSolution
		HideSolutionNode = FALSE
	EndGlobalSection
	GlobalSection(ExtensibilityGlobals) = postSolution
		SolutionGuid = {85777BE7-3442-463C-BFF8-FF8C33D00CAC}
	EndGlobalSection
EndGlobal
